
Microsoft Visual Studio Solution File, Format Version 12.00
# Visual Studio Version 16
VisualStudioVersion = 16.0.32002.261
MinimumVisualStudioVersion = 10.0.40219.1
Project("{8BC9CEB8-8B4A-11D0-8D11-00A0C91BC942}") = "SniperElite3.FreeCamera", "SniperElite3.FreeCamera\SniperElite3.FreeCamera.vcxproj", "{233A8858-7D10-4FFD-86FB-9C03645B17F0}"
EndProject
Global
	GlobalSection(SolutionConfigurationPlatforms) = preSolution
		Debug|x64 = Debug|x64
		Debug|x86 = Debug|x86
		Release|x64 = Release|x64
		Release|x86 = Release|x86
	EndGlobalSection
	GlobalSection(ProjectConfigurationPlatforms) = postSolution
		{233A8858-7D10-4FFD-86FB-9C03645B17F0}.Debug|x64.ActiveCfg = Debug|x64
		{233A8858-7D10-4FFD-86FB-9C03645B17F0}.Debug|x64.Build.0 = Debug|x64
		{233A8858-7D10-4FFD-86FB-9C03645B17F0}.Debug|x86.ActiveCfg = Debug|Win32
		{233A8858-7D10-4FFD-86FB-9C03645B17F0}.Debug|x86.Build.0 = Debug|Win32
		{233A8858-7D10-4FFD-86FB-9C03645B17F0}.Release|x64.ActiveCfg = Release|x64
		{233A8858-7D10-4FFD-86FB-9C03645B17F0}.Release|x64.Build.0 = Release|x64
		{233A8858-7D10-4FFD-86FB-9C03645B17F0}.Release|x86.ActiveCfg = Release|Win32
		{233A8858-7D10-4FFD-86FB-9C03645B17F0}.Release|x86.Build.0 = Release|Win32
	EndGlobalSection
	GlobalSection(SolutionProperties) = preSolution
		HideSolutionNode = FALSE
	EndGlobalSection
	GlobalSection(ExtensibilityGlobals) = postSolution
		SolutionGuid = {E7DAC87B-4E8A-44E0-B41B-25DDC07534DD}
	EndGlobalSection
EndGlobal
